
Microsoft Visual Studio Solution File, Format Version 12.00
# Visual Studio Version 16
VisualStudioVersion = 16.0.29411.108
MinimumVisualStudioVersion = 10.0.40219.1
Project("{FAE04EC0-301F-11D3-BF4B-00C04F79EFBC}") = "Pressure", "Pressure\Pressure.csproj", "{F90E5F5F-59BF-4376-BFAB-ED72F44343DA}"
EndProject
Global
	GlobalSection(SolutionConfigurationPlatforms) = preSolution
		Debug|Any CPU = Debug|Any CPU
		Release|Any CPU = Release|Any CPU
	EndGlobalSection
	GlobalSection(ProjectConfigurationPlatforms) = postSolution
		{F90E5F5F-59BF-4376-BFAB-ED72F44343DA}.Debug|Any CPU.ActiveCfg = Debug|Any CPU
		{F90E5F5F-59BF-4376-BFAB-ED72F44343DA}.Debug|Any CPU.Build.0 = Debug|Any CPU
		{F90E5F5F-59BF-4376-BFAB-ED72F44343DA}.Release|Any CPU.ActiveCfg = Release|Any CPU
		{F90E5F5F-59BF-4376-BFAB-ED72F44343DA}.Release|Any CPU.Build.0 = Release|Any CPU
	EndGlobalSection
	GlobalSection(SolutionProperties) = preSolution
		HideSolutionNode = FALSE
	EndGlobalSection
	GlobalSection(ExtensibilityGlobals) = postSolution
		SolutionGuid = {052CF84A-7D07-4DC0-816F-69CA3F5195E0}
	EndGlobalSection
EndGlobal
